// !$*UTF8*$!
{
	archiveVersion = 1;
	classes = {
	};
	objectVersion = 55;
	objects = {

/* Begin PBXBuildFile section */
		174589C128164EAC0095BD70 /* GoogleService-Info.plist in Resources */ = {isa = PBXBuildFile; fileRef = 174589C028164EAC0095BD70 /* GoogleService-Info.plist */; };
		17B738D22813C1EB0070082F /* FirebaseAnalytics in Frameworks */ = {isa = PBXBuildFile; productRef = 17B738D12813C1EB0070082F /* FirebaseAnalytics */; };
		17B738D42813C1EB0070082F /* FirebaseAuth in Frameworks */ = {isa = PBXBuildFile; productRef = 17B738D32813C1EB0070082F /* FirebaseAuth */; };
		17B738D62813C1EB0070082F /* FirebaseFirestore in Frameworks */ = {isa = PBXBuildFile; productRef = 17B738D52813C1EB0070082F /* FirebaseFirestore */; };
		17B738D82813C1EB0070082F /* FirebaseFirestoreSwift-Beta in Frameworks */ = {isa = PBXBuildFile; productRef = 17B738D72813C1EB0070082F /* FirebaseFirestoreSwift-Beta */; };
		17B738DA2813C1EB0070082F /* FirebaseStorage in Frameworks */ = {isa = PBXBuildFile; productRef = 17B738D92813C1EB0070082F /* FirebaseStorage */; };
		17B739092813CA550070082F /* RecentMessage.swift in Sources */ = {isa = PBXBuildFile; fileRef = 17B739062813CA550070082F /* RecentMessage.swift */; };
		17B7390A2813CA550070082F /* ChatMessage.swift in Sources */ = {isa = PBXBuildFile; fileRef = 17B739072813CA550070082F /* ChatMessage.swift */; };
		17B7390B2813CA550070082F /* ChatUser.swift in Sources */ = {isa = PBXBuildFile; fileRef = 17B739082813CA550070082F /* ChatUser.swift */; };
		17B7390D2813CA5F0070082F /* FirebaseManager.swift in Sources */ = {isa = PBXBuildFile; fileRef = 17B7390C2813CA5F0070082F /* FirebaseManager.swift */; };
		17B7390F2813CA690070082F /* ChatLogView.swift in Sources */ = {isa = PBXBuildFile; fileRef = 17B7390E2813CA690070082F /* ChatLogView.swift */; };
		17B739112813CA720070082F /* CreateNewMessageView.swift in Sources */ = {isa = PBXBuildFile; fileRef = 17B739102813CA720070082F /* CreateNewMessageView.swift */; };
		17B739132813CA920070082F /* MainMessagesView.swift in Sources */ = {isa = PBXBuildFile; fileRef = 17B739122813CA920070082F /* MainMessagesView.swift */; };
		17B739152813CAF80070082F /* Helper.swift in Sources */ = {isa = PBXBuildFile; fileRef = 17B739142813CAF80070082F /* Helper.swift */; };
		17B739172813EC120070082F /* FirebaseConstants.swift in Sources */ = {isa = PBXBuildFile; fileRef = 17B739162813EC110070082F /* FirebaseConstants.swift */; };
		17DEF3602812BB33002F008A /* FirebaseChatApp.swift in Sources */ = {isa = PBXBuildFile; fileRef = 17DEF35F2812BB33002F008A /* FirebaseChatApp.swift */; };
		17DEF3622812BB33002F008A /* LoginView.swift in Sources */ = {isa = PBXBuildFile; fileRef = 17DEF3612812BB33002F008A /* LoginView.swift */; };
		17DEF3642812BB39002F008A /* Assets.xcassets in Resources */ = {isa = PBXBuildFile; fileRef = 17DEF3632812BB39002F008A /* Assets.xcassets */; };
		17DEF3672812BB39002F008A /* Preview Assets.xcassets in Resources */ = {isa = PBXBuildFile; fileRef = 17DEF3662812BB39002F008A /* Preview Assets.xcassets */; };
		17DEF3692812BB39002F008A /* Persistence.swift in Sources */ = {isa = PBXBuildFile; fileRef = 17DEF3682812BB39002F008A /* Persistence.swift */; };
		17DEF36C2812BB39002F008A /* FirebaseChat.xcdatamodeld in Sources */ = {isa = PBXBuildFile; fileRef = 17DEF36A2812BB39002F008A /* FirebaseChat.xcdatamodeld */; };
		17DEF3742812BFA3002F008A /* SDWebImageSwiftUI in Frameworks */ = {isa = PBXBuildFile; productRef = 17DEF3732812BFA3002F008A /* SDWebImageSwiftUI */; };
/* End PBXBuildFile section */

/* Begin PBXFileReference section */
		174589C028164EAC0095BD70 /* GoogleService-Info.plist */ = {isa = PBXFileReference; fileEncoding = 4; lastKnownFileType = text.plist.xml; path = "GoogleService-Info.plist"; sourceTree = "<group>"; };
		17B739062813CA550070082F /* RecentMessage.swift */ = {isa = PBXFileReference; fileEncoding = 4; lastKnownFileType = sourcecode.swift; path = RecentMessage.swift; sourceTree = "<group>"; };
		17B739072813CA550070082F /* ChatMessage.swift */ = {isa = PBXFileReference; fileEncoding = 4; lastKnownFileType = sourcecode.swift; path = ChatMessage.swift; sourceTree = "<group>"; };
		17B739082813CA550070082F /* ChatUser.swift */ = {isa = PBXFileReference; fileEncoding = 4; lastKnownFileType = sourcecode.swift; path = ChatUser.swift; sourceTree = "<group>"; };
		17B7390C2813CA5F0070082F /* FirebaseManager.swift */ = {isa = PBXFileReference; fileEncoding = 4; lastKnownFileType = sourcecode.swift; path = FirebaseManager.swift; sourceTree = "<group>"; };
		17B7390E2813CA690070082F /* ChatLogView.swift */ = {isa = PBXFileReference; fileEncoding = 4; lastKnownFileType = sourcecode.swift; path = ChatLogView.swift; sourceTree = "<group>"; };
		17B739102813CA720070082F /* CreateNewMessageView.swift */ = {isa = PBXFileReference; fileEncoding = 4; lastKnownFileType = sourcecode.swift; path = CreateNewMessageView.swift; sourceTree = "<group>"; };
		17B739122813CA920070082F /* MainMessagesView.swift */ = {isa = PBXFileReference; fileEncoding = 4; lastKnownFileType = sourcecode.swift; path = MainMessagesView.swift; sourceTree = "<group>"; };
		17B739142813CAF80070082F /* Helper.swift */ = {isa = PBXFileReference; fileEncoding = 4; lastKnownFileType = sourcecode.swift; path = Helper.swift; sourceTree = "<group>"; };
		17B739162813EC110070082F /* FirebaseConstants.swift */ = {isa = PBXFileReference; lastKnownFileType = sourcecode.swift; path = FirebaseConstants.swift; sourceTree = "<group>"; };
		17DEF35C2812BB33002F008A /* FirebaseChat.app */ = {isa = PBXFileReference; explicitFileType = wrapper.application; includeInIndex = 0; path = FirebaseChat.app; sourceTree = BUILT_PRODUCTS_DIR; };
		17DEF35F2812BB33002F008A /* FirebaseChatApp.swift */ = {isa = PBXFileReference; lastKnownFileType = sourcecode.swift; path = FirebaseChatApp.swift; sourceTree = "<group>"; };
		17DEF3612812BB33002F008A /* LoginView.swift */ = {isa = PBXFileReference; lastKnownFileType = sourcecode.swift; path = LoginView.swift; sourceTree = "<group>"; };
		17DEF3632812BB39002F008A /* Assets.xcassets */ = {isa = PBXFileReference; lastKnownFileType = folder.assetcatalog; path = Assets.xcassets; sourceTree = "<group>"; };
		17DEF3662812BB39002F008A /* Preview Assets.xcassets */ = {isa = PBXFileReference; lastKnownFileType = folder.assetcatalog; path = "Preview Assets.xcassets"; sourceTree = "<group>"; };
		17DEF3682812BB39002F008A /* Persistence.swift */ = {isa = PBXFileReference; lastKnownFileType = sourcecode.swift; path = Persistence.swift; sourceTree = "<group>"; };
		17DEF36B2812BB39002F008A /* FirebaseChat.xcdatamodel */ = {isa = PBXFileReference; lastKnownFileType = wrapper.xcdatamodel; path = FirebaseChat.xcdatamodel; sourceTree = "<group>"; };
/* End PBXFileReference section */

/* Begin PBXFrameworksBuildPhase section */
		17DEF3592812BB33002F008A /* Frameworks */ = {
			isa = PBXFrameworksBuildPhase;
			buildActionMask = 2147483647;
			files = (
				17B738D22813C1EB0070082F /* FirebaseAnalytics in Frameworks */,
				17B738D62813C1EB0070082F /* FirebaseFirestore in Frameworks */,
				17B738D82813C1EB0070082F /* FirebaseFirestoreSwift-Beta in Frameworks */,
				17B738D42813C1EB0070082F /* FirebaseAuth in Frameworks */,
				17DEF3742812BFA3002F008A /* SDWebImageSwiftUI in Frameworks */,
				17B738DA2813C1EB0070082F /* FirebaseStorage in Frameworks */,
			);
			runOnlyForDeploymentPostprocessing = 0;
		};
/* End PBXFrameworksBuildPhase section */

/* Begin PBXGroup section */
		17B738FB2813C9600070082F /* Model */ = {
			isa = PBXGroup;
			children = (
				17B739082813CA550070082F /* ChatUser.swift */,
				17B739072813CA550070082F /* ChatMessage.swift */,
				17B739062813CA550070082F /* RecentMessage.swift */,
			);
			path = Model;
			sourceTree = "<group>";
		};
		17B738FC2813C9660070082F /* Utils */ = {
			isa = PBXGroup;
			children = (
				17B7390C2813CA5F0070082F /* FirebaseManager.swift */,
				17B739162813EC110070082F /* FirebaseConstants.swift */,
			);
			path = Utils;
			sourceTree = "<group>";
		};
		17B738FE2813C9B10070082F /* MainMessage */ = {
			isa = PBXGroup;
			children = (
				17B738FF2813C9BC0070082F /* Chat */,
				17B739002813C9C50070082F /* NewMessage */,
			);
			path = MainMessage;
			sourceTree = "<group>";
		};
		17B738FF2813C9BC0070082F /* Chat */ = {
			isa = PBXGroup;
			children = (
				17B7390E2813CA690070082F /* ChatLogView.swift */,
			);
			path = Chat;
			sourceTree = "<group>";
		};
		17B739002813C9C50070082F /* NewMessage */ = {
			isa = PBXGroup;
			children = (
				17B739102813CA720070082F /* CreateNewMessageView.swift */,
			);
			path = NewMessage;
			sourceTree = "<group>";
		};
		17DEF3532812BB33002F008A = {
			isa = PBXGroup;
			children = (
				17DEF35E2812BB33002F008A /* FirebaseChat */,
				17DEF35D2812BB33002F008A /* Products */,
			);
			sourceTree = "<group>";
		};
		17DEF35D2812BB33002F008A /* Products */ = {
			isa = PBXGroup;
			children = (
				17DEF35C2812BB33002F008A /* FirebaseChat.app */,
			);
			name = Products;
			sourceTree = "<group>";
		};
		17DEF35E2812BB33002F008A /* FirebaseChat */ = {
			isa = PBXGroup;
			children = (
				17B738FB2813C9600070082F /* Model */,
				17B738FC2813C9660070082F /* Utils */,
				17B738FE2813C9B10070082F /* MainMessage */,
				17B739122813CA920070082F /* MainMessagesView.swift */,
				17DEF35F2812BB33002F008A /* FirebaseChatApp.swift */,
				17DEF3612812BB33002F008A /* LoginView.swift */,
				17B739142813CAF80070082F /* Helper.swift */,
				17DEF3632812BB39002F008A /* Assets.xcassets */,
				17DEF3682812BB39002F008A /* Persistence.swift */,
				17DEF36A2812BB39002F008A /* FirebaseChat.xcdatamodeld */,
				174589C028164EAC0095BD70 /* GoogleService-Info.plist */,
				17DEF3652812BB39002F008A /* Preview Content */,
			);
			path = FirebaseChat;
			sourceTree = "<group>";
		};
		17DEF3652812BB39002F008A /* Preview Content */ = {
			isa = PBXGroup;
			children = (
				17DEF3662812BB39002F008A /* Preview Assets.xcassets */,
			);
			path = "Preview Content";
			sourceTree = "<group>";
		};
/* End PBXGroup section */

/* Begin PBXNativeTarget section */
		17DEF35B2812BB33002F008A /* FirebaseChat */ = {
			isa = PBXNativeTarget;
			buildConfigurationList = 17DEF36F2812BB39002F008A /* Build configuration list for PBXNativeTarget "FirebaseChat" */;
			buildPhases = (
				17DEF3582812BB33002F008A /* Sources */,
				17DEF3592812BB33002F008A /* Frameworks */,
				17DEF35A2812BB33002F008A /* Resources */,
			);
			buildRules = (
			);
			dependencies = (
			);
			name = FirebaseChat;
			packageProductDependencies = (
				17DEF3732812BFA3002F008A /* SDWebImageSwiftUI */,
				17B738D12813C1EB0070082F /* FirebaseAnalytics */,
				17B738D32813C1EB0070082F /* FirebaseAuth */,
				17B738D52813C1EB0070082F /* FirebaseFirestore */,
				17B738D72813C1EB0070082F /* FirebaseFirestoreSwift-Beta */,
				17B738D92813C1EB0070082F /* FirebaseStorage */,
			);
			productName = FirebaseChat;
			productReference = 17DEF35C2812BB33002F008A /* FirebaseChat.app */;
			productType = "com.apple.product-type.application";
		};
/* End PBXNativeTarget section */

/* Begin PBXProject section */
		17DEF3542812BB33002F008A /* Project object */ = {
			isa = PBXProject;
			attributes = {
				BuildIndependentTargetsInParallel = 1;
				LastSwiftUpdateCheck = 1330;
				LastUpgradeCheck = 1330;
				TargetAttributes = {
					17DEF35B2812BB33002F008A = {
						CreatedOnToolsVersion = 13.3.1;
					};
				};
			};
			buildConfigurationList = 17DEF3572812BB33002F008A /* Build configuration list for PBXProject "FirebaseChat" */;
			compatibilityVersion = "Xcode 13.0";
			developmentRegion = en;
			hasScannedForEncodings = 0;
			knownRegions = (
				en,
				Base,
			);
			mainGroup = 17DEF3532812BB33002F008A;
			packageReferences = (
				17DEF3722812BFA3002F008A /* XCRemoteSwiftPackageReference "SDWebImageSwiftUI" */,
				17B738D02813C1EB0070082F /* XCRemoteSwiftPackageReference "firebase-ios-sdk" */,
			);
			productRefGroup = 17DEF35D2812BB33002F008A /* Products */;
			projectDirPath = "";
			projectRoot = "";
			targets = (
				17DEF35B2812BB33002F008A /* FirebaseChat */,
			);
		};
/* End PBXProject section */

/* Begin PBXResourcesBuildPhase section */
		17DEF35A2812BB33002F008A /* Resources */ = {
			isa = PBXResourcesBuildPhase;
			buildActionMask = 2147483647;
			files = (
				17DEF3672812BB39002F008A /* Preview Assets.xcassets in Resources */,
				17DEF3642812BB39002F008A /* Assets.xcassets in Resources */,
				174589C128164EAC0095BD70 /* GoogleService-Info.plist in Resources */,
			);
			runOnlyForDeploymentPostprocessing = 0;
		};
/* End PBXResourcesBuildPhase section */

/* Begin PBXSourcesBuildPhase section */
		17DEF3582812BB33002F008A /* Sources */ = {
			isa = PBXSourcesBuildPhase;
			buildActionMask = 2147483647;
			files = (
				17B7390B2813CA550070082F /* ChatUser.swift in Sources */,
				17DEF3692812BB39002F008A /* Persistence.swift in Sources */,
				17B7390F2813CA690070082F /* ChatLogView.swift in Sources */,
				17B739172813EC120070082F /* FirebaseConstants.swift in Sources */,
				17DEF3622812BB33002F008A /* LoginView.swift in Sources */,
				17B739092813CA550070082F /* RecentMessage.swift in Sources */,
				17B7390D2813CA5F0070082F /* FirebaseManager.swift in Sources */,
				17B7390A2813CA550070082F /* ChatMessage.swift in Sources */,
				17B739132813CA920070082F /* MainMessagesView.swift in Sources */,
				17DEF36C2812BB39002F008A /* FirebaseChat.xcdatamodeld in Sources */,
				17DEF3602812BB33002F008A /* FirebaseChatApp.swift in Sources */,
				17B739112813CA720070082F /* CreateNewMessageView.swift in Sources */,
				17B739152813CAF80070082F /* Helper.swift in Sources */,
			);
			runOnlyForDeploymentPostprocessing = 0;
		};
/* End PBXSourcesBuildPhase section */

/* Begin XCBuildConfiguration section */
		17DEF36D2812BB39002F008A /* Debug */ = {
			isa = XCBuildConfiguration;
			buildSettings = {
				ALWAYS_SEARCH_USER_PATHS = NO;
				CLANG_ANALYZER_NONNULL = YES;
				CLANG_ANALYZER_NUMBER_OBJECT_CONVERSION = YES_AGGRESSIVE;
				CLANG_CXX_LANGUAGE_STANDARD = "gnu++17";
				CLANG_ENABLE_MODULES = YES;
				CLANG_ENABLE_OBJC_ARC = YES;
				CLANG_ENABLE_OBJC_WEAK = YES;
				CLANG_WARN_BLOCK_CAPTURE_AUTORELEASING = YES;
				CLANG_WARN_BOOL_CONVERSION = YES;
				CLANG_WARN_COMMA = YES;
				CLANG_WARN_CONSTANT_CONVERSION = YES;
				CLANG_WARN_DEPRECATED_OBJC_IMPLEMENTATIONS = YES;
				CLANG_WARN_DIRECT_OBJC_ISA_USAGE = YES_ERROR;
				CLANG_WARN_DOCUMENTATION_COMMENTS = YES;
				CLANG_WARN_EMPTY_BODY = YES;
				CLANG_WARN_ENUM_CONVERSION = YES;
				CLANG_WARN_INFINITE_RECURSION = YES;
				CLANG_WARN_INT_CONVERSION = YES;
				CLANG_WARN_NON_LITERAL_NULL_CONVERSION = YES;
				CLANG_WARN_OBJC_IMPLICIT_RETAIN_SELF = YES;
				CLANG_WARN_OBJC_LITERAL_CONVERSION = YES;
				CLANG_WARN_OBJC_ROOT_CLASS = YES_ERROR;
				CLANG_WARN_QUOTED_INCLUDE_IN_FRAMEWORK_HEADER = YES;
				CLANG_WARN_RANGE_LOOP_ANALYSIS = YES;
				CLANG_WARN_STRICT_PROTOTYPES = YES;
				CLANG_WARN_SUSPICIOUS_MOVE = YES;
				CLANG_WARN_UNGUARDED_AVAILABILITY = YES_AGGRESSIVE;
				CLANG_WARN_UNREACHABLE_CODE = YES;
				CLANG_WARN__DUPLICATE_METHOD_MATCH = YES;
				COPY_PHASE_STRIP = NO;
				DEBUG_INFORMATION_FORMAT = dwarf;
				ENABLE_STRICT_OBJC_MSGSEND = YES;
				ENABLE_TESTABILITY = YES;
				GCC_C_LANGUAGE_STANDARD = gnu11;
				GCC_DYNAMIC_NO_PIC = NO;
				GCC_NO_COMMON_BLOCKS = YES;
				GCC_OPTIMIZATION_LEVEL = 0;
				GCC_PREPROCESSOR_DEFINITIONS = (
					"DEBUG=1",
					"$(inherited)",
				);
				GCC_WARN_64_TO_32_BIT_CONVERSION = YES;
				GCC_WARN_ABOUT_RETURN_TYPE = YES_ERROR;
				GCC_WARN_UNDECLARED_SELECTOR = YES;
				GCC_WARN_UNINITIALIZED_AUTOS = YES_AGGRESSIVE;
				GCC_WARN_UNUSED_FUNCTION = YES;
				GCC_WARN_UNUSED_VARIABLE = YES;
				IPHONEOS_DEPLOYMENT_TARGET = 15.4;
				MTL_ENABLE_DEBUG_INFO = INCLUDE_SOURCE;
				MTL_FAST_MATH = YES;
				ONLY_ACTIVE_ARCH = YES;
				SDKROOT = iphoneos;
				SWIFT_ACTIVE_COMPILATION_CONDITIONS = DEBUG;
				SWIFT_OPTIMIZATION_LEVEL = "-Onone";
			};
			name = Debug;
		};
		17DEF36E2812BB39002F008A /* Release */ = {
			isa = XCBuildConfiguration;
			buildSettings = {
				ALWAYS_SEARCH_USER_PATHS = NO;
				CLANG_ANALYZER_NONNULL = YES;
				CLANG_ANALYZER_NUMBER_OBJECT_CONVERSION = YES_AGGRESSIVE;
				CLANG_CXX_LANGUAGE_STANDARD = "gnu++17";
				CLANG_ENABLE_MODULES = YES;
				CLANG_ENABLE_OBJC_ARC = YES;
				CLANG_ENABLE_OBJC_WEAK = YES;
				CLANG_WARN_BLOCK_CAPTURE_AUTORELEASING = YES;
				CLANG_WARN_BOOL_CONVERSION = YES;
				CLANG_WARN_COMMA = YES;
				CLANG_WARN_CONSTANT_CONVERSION = YES;
				CLANG_WARN_DEPRECATED_OBJC_IMPLEMENTATIONS = YES;
				CLANG_WARN_DIRECT_OBJC_ISA_USAGE = YES_ERROR;
				CLANG_WARN_DOCUMENTATION_COMMENTS = YES;
				CLANG_WARN_EMPTY_BODY = YES;
				CLANG_WARN_ENUM_CONVERSION = YES;
				CLANG_WARN_INFINITE_RECURSION = YES;
				CLANG_WARN_INT_CONVERSION = YES;
				CLANG_WARN_NON_LITERAL_NULL_CONVERSION = YES;
				CLANG_WARN_OBJC_IMPLICIT_RETAIN_SELF = YES;
				CLANG_WARN_OBJC_LITERAL_CONVERSION = YES;
				CLANG_WARN_OBJC_ROOT_CLASS = YES_ERROR;
				CLANG_WARN_QUOTED_INCLUDE_IN_FRAMEWORK_HEADER = YES;
				CLANG_WARN_RANGE_LOOP_ANALYSIS = YES;
				CLANG_WARN_STRICT_PROTOTYPES = YES;
				CLANG_WARN_SUSPICIOUS_MOVE = YES;
				CLANG_WARN_UNGUARDED_AVAILABILITY = YES_AGGRESSIVE;
				CLANG_WARN_UNREACHABLE_CODE = YES;
				CLANG_WARN__DUPLICATE_METHOD_MATCH = YES;
				COPY_PHASE_STRIP = NO;
				DEBUG_INFORMATION_FORMAT = "dwarf-with-dsym";
				ENABLE_NS_ASSERTIONS = NO;
				ENABLE_STRICT_OBJC_MSGSEND = YES;
				GCC_C_LANGUAGE_STANDARD = gnu11;
				GCC_NO_COMMON_BLOCKS = YES;
				GCC_WARN_64_TO_32_BIT_CONVERSION = YES;
				GCC_WARN_ABOUT_RETURN_TYPE = YES_ERROR;
				GCC_WARN_UNDECLARED_SELECTOR = YES;
				GCC_WARN_UNINITIALIZED_AUTOS = YES_AGGRESSIVE;
				GCC_WARN_UNUSED_FUNCTION = YES;
				GCC_WARN_UNUSED_VARIABLE = YES;
				IPHONEOS_DEPLOYMENT_TARGET = 15.4;
				MTL_ENABLE_DEBUG_INFO = NO;
				MTL_FAST_MATH = YES;
				SDKROOT = iphoneos;
				SWIFT_COMPILATION_MODE = wholemodule;
				SWIFT_OPTIMIZATION_LEVEL = "-O";
				VALIDATE_PRODUCT = YES;
			};
			name = Release;
		};
		17DEF3702812BB39002F008A /* Debug */ = {
			isa = XCBuildConfiguration;
			buildSettings = {
				ASSETCATALOG_COMPILER_APPICON_NAME = AppIcon;
				ASSETCATALOG_COMPILER_GLOBAL_ACCENT_COLOR_NAME = AccentColor;
				CODE_SIGN_STYLE = Automatic;
				CURRENT_PROJECT_VERSION = 1;
				DEVELOPMENT_ASSET_PATHS = "\"FirebaseChat/Preview Content\"";
				DEVELOPMENT_TEAM = JCB4U5R222;
				ENABLE_PREVIEWS = YES;
				GENERATE_INFOPLIST_FILE = YES;
				INFOPLIST_KEY_UIApplicationSceneManifest_Generation = YES;
				INFOPLIST_KEY_UIApplicationSupportsIndirectInputEvents = YES;
				INFOPLIST_KEY_UILaunchScreen_Generation = YES;
				INFOPLIST_KEY_UISupportedInterfaceOrientations_iPad = "UIInterfaceOrientationPortrait UIInterfaceOrientationPortraitUpsideDown UIInterfaceOrientationLandscapeLeft UIInterfaceOrientationLandscapeRight";
				INFOPLIST_KEY_UISupportedInterfaceOrientations_iPhone = "UIInterfaceOrientationPortrait UIInterfaceOrientationLandscapeLeft UIInterfaceOrientationLandscapeRight";
				LD_RUNPATH_SEARCH_PATHS = (
					"$(inherited)",
					"@executable_path/Frameworks",
				);
				MARKETING_VERSION = 1.0;
				PRODUCT_BUNDLE_IDENTIFIER = com.HikaruShoji;
				PRODUCT_NAME = "$(TARGET_NAME)";
				SWIFT_EMIT_LOC_STRINGS = YES;
				SWIFT_VERSION = 5.0;
				TARGETED_DEVICE_FAMILY = "1,2";
			};
			name = Debug;
		};
		17DEF3712812BB39002F008A /* Release */ = {
			isa = XCBuildConfiguration;
			buildSettings = {
				ASSETCATALOG_COMPILER_APPICON_NAME = AppIcon;
				ASSETCATALOG_COMPILER_GLOBAL_ACCENT_COLOR_NAME = AccentColor;
				CODE_SIGN_STYLE = Automatic;
				CURRENT_PROJECT_VERSION = 1;
				DEVELOPMENT_ASSET_PATHS = "\"FirebaseChat/Preview Content\"";
				DEVELOPMENT_TEAM = JCB4U5R222;
				ENABLE_PREVIEWS = YES;
				GENERATE_INFOPLIST_FILE = YES;
				INFOPLIST_KEY_UIApplicationSceneManifest_Generation = YES;
				INFOPLIST_KEY_UIApplicationSupportsIndirectInputEvents = YES;
				INFOPLIST_KEY_UILaunchScreen_Generation = YES;
				INFOPLIST_KEY_UISupportedInterfaceOrientations_iPad = "UIInterfaceOrientationPortrait UIInterfaceOrientationPortraitUpsideDown UIInterfaceOrientationLandscapeLeft UIInterfaceOrientationLandscapeRight";
				INFOPLIST_KEY_UISupportedInterfaceOrientations_iPhone = "UIInterfaceOrientationPortrait UIInterfaceOrientationLandscapeLeft UIInterfaceOrientationLandscapeRight";
				LD_RUNPATH_SEARCH_PATHS = (
					"$(inherited)",
					"@executable_path/Frameworks",
				);
				MARKETING_VERSION = 1.0;
				PRODUCT_BUNDLE_IDENTIFIER = com.HikaruShoji;
				PRODUCT_NAME = "$(TARGET_NAME)";
				SWIFT_EMIT_LOC_STRINGS = YES;
				SWIFT_VERSION = 5.0;
				TARGETED_DEVICE_FAMILY = "1,2";
			};
			name = Release;
		};
/* End XCBuildConfiguration section */

/* Begin XCConfigurationList section */
		17DEF3572812BB33002F008A /* Build configuration list for PBXProject "FirebaseChat" */ = {
			isa = XCConfigurationList;
			buildConfigurations = (
				17DEF36D2812BB39002F008A /* Debug */,
				17DEF36E2812BB39002F008A /* Release */,
			);
			defaultConfigurationIsVisible = 0;
			defaultConfigurationName = Release;
		};
		17DEF36F2812BB39002F008A /* Build configuration list for PBXNativeTarget "FirebaseChat" */ = {
			isa = XCConfigurationList;
			buildConfigurations = (
				17DEF3702812BB39002F008A /* Debug */,
				17DEF3712812BB39002F008A /* Release */,
			);
			defaultConfigurationIsVisible = 0;
			defaultConfigurationName = Release;
		};
/* End XCConfigurationList section */

/* Begin XCRemoteSwiftPackageReference section */
		17B738D02813C1EB0070082F /* XCRemoteSwiftPackageReference "firebase-ios-sdk" */ = {
			isa = XCRemoteSwiftPackageReference;
			repositoryURL = "https://github.com/firebase/firebase-ios-sdk.git";
			requirement = {
				kind = upToNextMajorVersion;
				minimumVersion = 8.0.0;
			};
		};
		17DEF3722812BFA3002F008A /* XCRemoteSwiftPackageReference "SDWebImageSwiftUI" */ = {
			isa = XCRemoteSwiftPackageReference;
			repositoryURL = "https://github.com/SDWebImage/SDWebImageSwiftUI.git";
			requirement = {
				kind = upToNextMajorVersion;
				minimumVersion = 2.0.0;
			};
		};
/* End XCRemoteSwiftPackageReference section */

/* Begin XCSwiftPackageProductDependency section */
		17B738D12813C1EB0070082F /* FirebaseAnalytics */ = {
			isa = XCSwiftPackageProductDependency;
			package = 17B738D02813C1EB0070082F /* XCRemoteSwiftPackageReference "firebase-ios-sdk" */;
			productName = FirebaseAnalytics;
		};
		17B738D32813C1EB0070082F /* FirebaseAuth */ = {
			isa = XCSwiftPackageProductDependency;
			package = 17B738D02813C1EB0070082F /* XCRemoteSwiftPackageReference "firebase-ios-sdk" */;
			productName = FirebaseAuth;
		};
		17B738D52813C1EB0070082F /* FirebaseFirestore */ = {
			isa = XCSwiftPackageProductDependency;
			package = 17B738D02813C1EB0070082F /* XCRemoteSwiftPackageReference "firebase-ios-sdk" */;
			productName = FirebaseFirestore;
		};
		17B738D72813C1EB0070082F /* FirebaseFirestoreSwift-Beta */ = {
			isa = XCSwiftPackageProductDependency;
			package = 17B738D02813C1EB0070082F /* XCRemoteSwiftPackageReference "firebase-ios-sdk" */;
			productName = "FirebaseFirestoreSwift-Beta";
		};
		17B738D92813C1EB0070082F /* FirebaseStorage */ = {
			isa = XCSwiftPackageProductDependency;
			package = 17B738D02813C1EB0070082F /* XCRemoteSwiftPackageReference "firebase-ios-sdk" */;
			productName = FirebaseStorage;
		};
		17DEF3732812BFA3002F008A /* SDWebImageSwiftUI */ = {
			isa = XCSwiftPackageProductDependency;
			package = 17DEF3722812BFA3002F008A /* XCRemoteSwiftPackageReference "SDWebImageSwiftUI" */;
			productName = SDWebImageSwiftUI;
		};
/* End XCSwiftPackageProductDependency section */

/* Begin XCVersionGroup section */
		17DEF36A2812BB39002F008A /* FirebaseChat.xcdatamodeld */ = {
			isa = XCVersionGroup;
			children = (
				17DEF36B2812BB39002F008A /* FirebaseChat.xcdatamodel */,
			);
			currentVersion = 17DEF36B2812BB39002F008A /* FirebaseChat.xcdatamodel */;
			path = FirebaseChat.xcdatamodeld;
			sourceTree = "<group>";
			versionGroupType = wrapper.xcdatamodel;
		};
/* End XCVersionGroup section */
	};
	rootObject = 17DEF3542812BB33002F008A /* Project object */;
}
